// !$*UTF8*$!
{
	archiveVersion = 1;
	classes = {
	};
	objectVersion = 50;
	objects = {

/* Begin PBXBuildFile section */
		71465B0623678CB500C2679C /* AppDelegate.swift in Sources */ = {isa = PBXBuildFile; fileRef = 71465B0523678CB500C2679C /* AppDelegate.swift */; };
		71465B0823678CB500C2679C /* ViewController.swift in Sources */ = {isa = PBXBuildFile; fileRef = 71465B0723678CB500C2679C /* ViewController.swift */; };
		71465B0B23678CB500C2679C /* Main.storyboard in Resources */ = {isa = PBXBuildFile; fileRef = 71465B0923678CB500C2679C /* Main.storyboard */; };
		71465B0E23678CB500C2679C /* lean_do.xcdatamodeld in Sources */ = {isa = PBXBuildFile; fileRef = 71465B0C23678CB500C2679C /* lean_do.xcdatamodeld */; };
		71465B1023678CB500C2679C /* Assets.xcassets in Resources */ = {isa = PBXBuildFile; fileRef = 71465B0F23678CB500C2679C /* Assets.xcassets */; };
		71465B1323678CB500C2679C /* LaunchScreen.storyboard in Resources */ = {isa = PBXBuildFile; fileRef = 71465B1123678CB500C2679C /* LaunchScreen.storyboard */; };
/* End PBXBuildFile section */

/* Begin PBXFileReference section */
		71465B0223678CB500C2679C /* lean-do.app */ = {isa = PBXFileReference; explicitFileType = wrapper.application; includeInIndex = 0; path = "lean-do.app"; sourceTree = BUILT_PRODUCTS_DIR; };
		71465B0523678CB500C2679C /* AppDelegate.swift */ = {isa = PBXFileReference; lastKnownFileType = sourcecode.swift; path = AppDelegate.swift; sourceTree = "<group>"; };
		71465B0723678CB500C2679C /* ViewController.swift */ = {isa = PBXFileReference; lastKnownFileType = sourcecode.swift; path = ViewController.swift; sourceTree = "<group>"; };
		71465B0A23678CB500C2679C /* Base */ = {isa = PBXFileReference; lastKnownFileType = file.storyboard; name = Base; path = Base.lproj/Main.storyboard; sourceTree = "<group>"; };
		71465B0D23678CB500C2679C /* lean_do.xcdatamodel */ = {isa = PBXFileReference; lastKnownFileType = wrapper.xcdatamodel; path = lean_do.xcdatamodel; sourceTree = "<group>"; };
		71465B0F23678CB500C2679C /* Assets.xcassets */ = {isa = PBXFileReference; lastKnownFileType = folder.assetcatalog; path = Assets.xcassets; sourceTree = "<group>"; };
		71465B1223678CB500C2679C /* Base */ = {isa = PBXFileReference; lastKnownFileType = file.storyboard; name = Base; path = Base.lproj/LaunchScreen.storyboard; sourceTree = "<group>"; };
		71465B1423678CB500C2679C /* Info.plist */ = {isa = PBXFileReference; lastKnownFileType = text.plist.xml; path = Info.plist; sourceTree = "<group>"; };
/* End PBXFileReference section */

/* Begin PBXFrameworksBuildPhase section */
		71465AFF23678CB500C2679C /* Frameworks */ = {
			isa = PBXFrameworksBuildPhase;
			buildActionMask = 2147483647;
			files = (
			);
			runOnlyForDeploymentPostprocessing = 0;
		};
/* End PBXFrameworksBuildPhase section */

/* Begin PBXGroup section */
		71465AF923678CB500C2679C = {
			isa = PBXGroup;
			children = (
				71465B0423678CB500C2679C /* lean-do */,
				71465B0323678CB500C2679C /* Products */,
			);
			sourceTree = "<group>";
		};
		71465B0323678CB500C2679C /* Products */ = {
			isa = PBXGroup;
			children = (
				71465B0223678CB500C2679C /* lean-do.app */,
			);
			name = Products;
			sourceTree = "<group>";
		};
		71465B0423678CB500C2679C /* lean-do */ = {
			isa = PBXGroup;
			children = (
				71465B0523678CB500C2679C /* AppDelegate.swift */,
				71465B0723678CB500C2679C /* ViewController.swift */,
				71465B0923678CB500C2679C /* Main.storyboard */,
				71465B0F23678CB500C2679C /* Assets.xcassets */,
				71465B1123678CB500C2679C /* LaunchScreen.storyboard */,
				71465B1423678CB500C2679C /* Info.plist */,
				71465B0C23678CB500C2679C /* lean_do.xcdatamodeld */,
			);
			path = "lean-do";
			sourceTree = "<group>";
		};
/* End PBXGroup section */

/* Begin PBXNativeTarget section */
		71465B0123678CB500C2679C /* lean-do */ = {
			isa = PBXNativeTarget;
			buildConfigurationList = 71465B1723678CB500C2679C /* Build configuration list for PBXNativeTarget "lean-do" */;
			buildPhases = (
				71465AFE23678CB500C2679C /* Sources */,
				71465AFF23678CB500C2679C /* Frameworks */,
				71465B0023678CB500C2679C /* Resources */,
			);
			buildRules = (
			);
			dependencies = (
			);
			name = "lean-do";
			productName = "lean-do";
			productReference = 71465B0223678CB500C2679C /* lean-do.app */;
			productType = "com.apple.product-type.application";
		};
/* End PBXNativeTarget section */

/* Begin PBXProject section */
		71465AFA23678CB500C2679C /* Project object */ = {
			isa = PBXProject;
			attributes = {
				LastSwiftUpdateCheck = 1020;
				LastUpgradeCheck = 1020;
				ORGANIZATIONNAME = "Allbee, Eamon";
				TargetAttributes = {
					71465B0123678CB500C2679C = {
						CreatedOnToolsVersion = 10.2;
					};
				};
			};
			buildConfigurationList = 71465AFD23678CB500C2679C /* Build configuration list for PBXProject "lean-do" */;
			compatibilityVersion = "Xcode 9.3";
			developmentRegion = en;
			hasScannedForEncodings = 0;
			knownRegions = (
				en,
				Base,
			);
			mainGroup = 71465AF923678CB500C2679C;
			productRefGroup = 71465B0323678CB500C2679C /* Products */;
			projectDirPath = "";
			projectRoot = "";
			targets = (
				71465B0123678CB500C2679C /* lean-do */,
			);
		};
/* End PBXProject section */

/* Begin PBXResourcesBuildPhase section */
		71465B0023678CB500C2679C /* Resources */ = {
			isa = PBXResourcesBuildPhase;
			buildActionMask = 2147483647;
			files = (
				71465B1323678CB500C2679C /* LaunchScreen.storyboard in Resources */,
				71465B1023678CB500C2679C /* Assets.xcassets in Resources */,
				71465B0B23678CB500C2679C /* Main.storyboard in Resources */,
			);
			runOnlyForDeploymentPostprocessing = 0;
		};
/* End PBXResourcesBuildPhase section */

/* Begin PBXSourcesBuildPhase section */
		71465AFE23678CB500C2679C /* Sources */ = {
			isa = PBXSourcesBuildPhase;
			buildActionMask = 2147483647;
			files = (
				71465B0823678CB500C2679C /* ViewController.swift in Sources */,
				71465B0E23678CB500C2679C /* lean_do.xcdatamodeld in Sources */,
				71465B0623678CB500C2679C /* AppDelegate.swift in Sources */,
			);
			runOnlyForDeploymentPostprocessing = 0;
		};
/* End PBXSourcesBuildPhase section */

/* Begin PBXVariantGroup section */
		71465B0923678CB500C2679C /* Main.storyboard */ = {
			isa = PBXVariantGroup;
			children = (
				71465B0A23678CB500C2679C /* Base */,
			);
			name = Main.storyboard;
			sourceTree = "<group>";
		};
		71465B1123678CB500C2679C /* LaunchScreen.storyboard */ = {
			isa = PBXVariantGroup;
			children = (
				71465B1223678CB500C2679C /* Base */,
			);
			name = LaunchScreen.storyboard;
			sourceTree = "<group>";
		};
/* End PBXVariantGroup section */

/* Begin XCBuildConfiguration section */
		71465B1523678CB500C2679C /* Debug */ = {
			isa = XCBuildConfiguration;
			buildSettings = {
				ALWAYS_SEARCH_USER_PATHS = NO;
				CLANG_ANALYZER_NONNULL = YES;
				CLANG_ANALYZER_NUMBER_OBJECT_CONVERSION = YES_AGGRESSIVE;
				CLANG_CXX_LANGUAGE_STANDARD = "gnu++14";
				CLANG_CXX_LIBRARY = "libc++";
				CLANG_ENABLE_MODULES = YES;
				CLANG_ENABLE_OBJC_ARC = YES;
				CLANG_ENABLE_OBJC_WEAK = YES;
				CLANG_WARN_BLOCK_CAPTURE_AUTORELEASING = YES;
				CLANG_WARN_BOOL_CONVERSION = YES;
				CLANG_WARN_COMMA = YES;
				CLANG_WARN_CONSTANT_CONVERSION = YES;
				CLANG_WARN_DEPRECATED_OBJC_IMPLEMENTATIONS = YES;
				CLANG_WARN_DIRECT_OBJC_ISA_USAGE = YES_ERROR;
				CLANG_WARN_DOCUMENTATION_COMMENTS = YES;
				CLANG_WARN_EMPTY_BODY = YES;
				CLANG_WARN_ENUM_CONVERSION = YES;
				CLANG_WARN_INFINITE_RECURSION = YES;
				CLANG_WARN_INT_CONVERSION = YES;
				CLANG_WARN_NON_LITERAL_NULL_CONVERSION = YES;
				CLANG_WARN_OBJC_IMPLICIT_RETAIN_SELF = YES;
				CLANG_WARN_OBJC_LITERAL_CONVERSION = YES;
				CLANG_WARN_OBJC_ROOT_CLASS = YES_ERROR;
				CLANG_WARN_RANGE_LOOP_ANALYSIS = YES;
				CLANG_WARN_STRICT_PROTOTYPES = YES;
				CLANG_WARN_SUSPICIOUS_MOVE = YES;
				CLANG_WARN_UNGUARDED_AVAILABILITY = YES_AGGRESSIVE;
				CLANG_WARN_UNREACHABLE_CODE = YES;
				CLANG_WARN__DUPLICATE_METHOD_MATCH = YES;
				CODE_SIGN_IDENTITY = "iPhone Developer";
				COPY_PHASE_STRIP = NO;
				DEBUG_INFORMATION_FORMAT = dwarf;
				ENABLE_STRICT_OBJC_MSGSEND = YES;
				ENABLE_TESTABILITY = YES;
				GCC_C_LANGUAGE_STANDARD = gnu11;
				GCC_DYNAMIC_NO_PIC = NO;
				GCC_NO_COMMON_BLOCKS = YES;
				GCC_OPTIMIZATION_LEVEL = 0;
				GCC_PREPROCESSOR_DEFINITIONS = (
					"DEBUG=1",
					"$(inherited)",
				);
				GCC_WARN_64_TO_32_BIT_CONVERSION = YES;
				GCC_WARN_ABOUT_RETURN_TYPE = YES_ERROR;
				GCC_WARN_UNDECLARED_SELECTOR = YES;
				GCC_WARN_UNINITIALIZED_AUTOS = YES_AGGRESSIVE;
				GCC_WARN_UNUSED_FUNCTION = YES;
				GCC_WARN_UNUSED_VARIABLE = YES;
				IPHONEOS_DEPLOYMENT_TARGET = 12.2;
				MTL_ENABLE_DEBUG_INFO = INCLUDE_SOURCE;
				MTL_FAST_MATH = YES;
				ONLY_ACTIVE_ARCH = YES;
				SDKROOT = iphoneos;
				SWIFT_ACTIVE_COMPILATION_CONDITIONS = DEBUG;
				SWIFT_OPTIMIZATION_LEVEL = "-Onone";
			};
			name = Debug;
		};
		71465B1623678CB500C2679C /* Release */ = {
			isa = XCBuildConfiguration;
			buildSettings = {
				ALWAYS_SEARCH_USER_PATHS = NO;
				CLANG_ANALYZER_NONNULL = YES;
				CLANG_ANALYZER_NUMBER_OBJECT_CONVERSION = YES_AGGRESSIVE;
				CLANG_CXX_LANGUAGE_STANDARD = "gnu++14";
				CLANG_CXX_LIBRARY = "libc++";
				CLANG_ENABLE_MODULES = YES;
				CLANG_ENABLE_OBJC_ARC = YES;
				CLANG_ENABLE_OBJC_WEAK = YES;
				CLANG_WARN_BLOCK_CAPTURE_AUTORELEASING = YES;
				CLANG_WARN_BOOL_CONVERSION = YES;
				CLANG_WARN_COMMA = YES;
				CLANG_WARN_CONSTANT_CONVERSION = YES;
				CLANG_WARN_DEPRECATED_OBJC_IMPLEMENTATIONS = YES;
				CLANG_WARN_DIRECT_OBJC_ISA_USAGE = YES_ERROR;
				CLANG_WARN_DOCUMENTATION_COMMENTS = YES;
				CLANG_WARN_EMPTY_BODY = YES;
				CLANG_WARN_ENUM_CONVERSION = YES;
				CLANG_WARN_INFINITE_RECURSION = YES;
				CLANG_WARN_INT_CONVERSION = YES;
				CLANG_WARN_NON_LITERAL_NULL_CONVERSION = YES;
				CLANG_WARN_OBJC_IMPLICIT_RETAIN_SELF = YES;
				CLANG_WARN_OBJC_LITERAL_CONVERSION = YES;
				CLANG_WARN_OBJC_ROOT_CLASS = YES_ERROR;
				CLANG_WARN_RANGE_LOOP_ANALYSIS = YES;
				CLANG_WARN_STRICT_PROTOTYPES = YES;
				CLANG_WARN_SUSPICIOUS_MOVE = YES;
				CLANG_WARN_UNGUARDED_AVAILABILITY = YES_AGGRESSIVE;
				CLANG_WARN_UNREACHABLE_CODE = YES;
				CLANG_WARN__DUPLICATE_METHOD_MATCH = YES;
				CODE_SIGN_IDENTITY = "iPhone Developer";
				COPY_PHASE_STRIP = NO;
				DEBUG_INFORMATION_FORMAT = "dwarf-with-dsym";
				ENABLE_NS_ASSERTIONS = NO;
				ENABLE_STRICT_OBJC_MSGSEND = YES;
				GCC_C_LANGUAGE_STANDARD = gnu11;
				GCC_NO_COMMON_BLOCKS = YES;
				GCC_WARN_64_TO_32_BIT_CONVERSION = YES;
				GCC_WARN_ABOUT_RETURN_TYPE = YES_ERROR;
				GCC_WARN_UNDECLARED_SELECTOR = YES;
				GCC_WARN_UNINITIALIZED_AUTOS = YES_AGGRESSIVE;
				GCC_WARN_UNUSED_FUNCTION = YES;
				GCC_WARN_UNUSED_VARIABLE = YES;
				IPHONEOS_DEPLOYMENT_TARGET = 12.2;
				MTL_ENABLE_DEBUG_INFO = NO;
				MTL_FAST_MATH = YES;
				SDKROOT = iphoneos;
				SWIFT_COMPILATION_MODE = wholemodule;
				SWIFT_OPTIMIZATION_LEVEL = "-O";
				VALIDATE_PRODUCT = YES;
			};
			name = Release;
		};
		71465B1823678CB500C2679C /* Debug */ = {
			isa = XCBuildConfiguration;
			buildSettings = {
				ASSETCATALOG_COMPILER_APPICON_NAME = AppIcon;
				CODE_SIGN_STYLE = Automatic;
				DEVELOPMENT_TEAM = 457T53625V;
				INFOPLIST_FILE = "lean-do/Info.plist";
				LD_RUNPATH_SEARCH_PATHS = (
					"$(inherited)",
					"@executable_path/Frameworks",
				);
				PRODUCT_BUNDLE_IDENTIFIER = "com.allbeefit.lean-do";
				PRODUCT_NAME = "$(TARGET_NAME)";
				SWIFT_VERSION = 5.0;
				TARGETED_DEVICE_FAMILY = "1,2";
			};
			name = Debug;
		};
		71465B1923678CB500C2679C /* Release */ = {
			isa = XCBuildConfiguration;
			buildSettings = {
				ASSETCATALOG_COMPILER_APPICON_NAME = AppIcon;
				CODE_SIGN_STYLE = Automatic;
				DEVELOPMENT_TEAM = 457T53625V;
				INFOPLIST_FILE = "lean-do/Info.plist";
				LD_RUNPATH_SEARCH_PATHS = (
					"$(inherited)",
					"@executable_path/Frameworks",
				);
				PRODUCT_BUNDLE_IDENTIFIER = "com.allbeefit.lean-do";
				PRODUCT_NAME = "$(TARGET_NAME)";
				SWIFT_VERSION = 5.0;
				TARGETED_DEVICE_FAMILY = "1,2";
			};
			name = Release;
		};
/* End XCBuildConfiguration section */

/* Begin XCConfigurationList section */
		71465AFD23678CB500C2679C /* Build configuration list for PBXProject "lean-do" */ = {
			isa = XCConfigurationList;
			buildConfigurations = (
				71465B1523678CB500C2679C /* Debug */,
				71465B1623678CB500C2679C /* Release */,
			);
			defaultConfigurationIsVisible = 0;
			defaultConfigurationName = Release;
		};
		71465B1723678CB500C2679C /* Build configuration list for PBXNativeTarget "lean-do" */ = {
			isa = XCConfigurationList;
			buildConfigurations = (
				71465B1823678CB500C2679C /* Debug */,
				71465B1923678CB500C2679C /* Release */,
			);
			defaultConfigurationIsVisible = 0;
			defaultConfigurationName = Release;
		};
/* End XCConfigurationList section */

/* Begin XCVersionGroup section */
		71465B0C23678CB500C2679C /* lean_do.xcdatamodeld */ = {
			isa = XCVersionGroup;
			children = (
				71465B0D23678CB500C2679C /* lean_do.xcdatamodel */,
			);
			currentVersion = 71465B0D23678CB500C2679C /* lean_do.xcdatamodel */;
			path = lean_do.xcdatamodeld;
			sourceTree = "<group>";
			versionGroupType = wrapper.xcdatamodel;
		};
/* End XCVersionGroup section */
	};
	rootObject = 71465AFA23678CB500C2679C /* Project object */;
}
